
Microsoft Visual Studio Solution File, Format Version 12.00
# Visual Studio Version 16
VisualStudioVersion = 16.0.29521.150
MinimumVisualStudioVersion = 10.0.40219.1
Project("{FAE04EC0-301F-11D3-BF4B-00C04F79EFBC}") = "Lab0", "Lab0\Lab0.csproj", "{223C53C6-9B7B-4ED2-8BA8-5B81D2CA760A}"
EndProject
Global
	GlobalSection(SolutionConfigurationPlatforms) = preSolution
		Debug|Any CPU = Debug|Any CPU
		Release|Any CPU = Release|Any CPU
	EndGlobalSection
	GlobalSection(ProjectConfigurationPlatforms) = postSolution
		{223C53C6-9B7B-4ED2-8BA8-5B81D2CA760A}.Debug|Any CPU.ActiveCfg = Debug|Any CPU
		{223C53C6-9B7B-4ED2-8BA8-5B81D2CA760A}.Debug|Any CPU.Build.0 = Debug|Any CPU
		{223C53C6-9B7B-4ED2-8BA8-5B81D2CA760A}.Release|Any CPU.ActiveCfg = Release|Any CPU
		{223C53C6-9B7B-4ED2-8BA8-5B81D2CA760A}.Release|Any CPU.Build.0 = Release|Any CPU
	EndGlobalSection
	GlobalSection(SolutionProperties) = preSolution
		HideSolutionNode = FALSE
	EndGlobalSection
	GlobalSection(ExtensibilityGlobals) = postSolution
		SolutionGuid = {AE58D5ED-A238-420A-A62E-C4D3FADCC91D}
	EndGlobalSection
EndGlobal
